
Microsoft Visual Studio Solution File, Format Version 12.00
# Visual Studio Version 17
VisualStudioVersion = 17.4.33213.308
MinimumVisualStudioVersion = 10.0.40219.1
Project("{FAE04EC0-301F-11D3-BF4B-00C04F79EFBC}") = "Guia_Lab_01_Ejer5", "Guia_Lab_01_Ejer5.csproj", "{9E0C60AC-FAEF-495C-A00C-E59AD23B71C6}"
EndProject
Global
	GlobalSection(SolutionConfigurationPlatforms) = preSolution
		Debug|Any CPU = Debug|Any CPU
		Release|Any CPU = Release|Any CPU
	EndGlobalSection
	GlobalSection(ProjectConfigurationPlatforms) = postSolution
		{9E0C60AC-FAEF-495C-A00C-E59AD23B71C6}.Debug|Any CPU.ActiveCfg = Debug|Any CPU
		{9E0C60AC-FAEF-495C-A00C-E59AD23B71C6}.Debug|Any CPU.Build.0 = Debug|Any CPU
		{9E0C60AC-FAEF-495C-A00C-E59AD23B71C6}.Release|Any CPU.ActiveCfg = Release|Any CPU
		{9E0C60AC-FAEF-495C-A00C-E59AD23B71C6}.Release|Any CPU.Build.0 = Release|Any CPU
	EndGlobalSection
	GlobalSection(SolutionProperties) = preSolution
		HideSolutionNode = FALSE
	EndGlobalSection
	GlobalSection(ExtensibilityGlobals) = postSolution
		SolutionGuid = {5F4CCCD2-170D-48EB-A385-4E16FC0CA6A0}
	EndGlobalSection
EndGlobal
