
Microsoft Visual Studio Solution File, Format Version 12.00
# Visual Studio Version 17
VisualStudioVersion = 17.4.33213.308
MinimumVisualStudioVersion = 10.0.40219.1
Project("{FAE04EC0-301F-11D3-BF4B-00C04F79EFBC}") = "Guia_Lab_01_Ejer2", "Guia_Lab_01_Ejer2.csproj", "{FC217139-1220-4DF3-83D8-375E2E4EFA49}"
EndProject
Global
	GlobalSection(SolutionConfigurationPlatforms) = preSolution
		Debug|Any CPU = Debug|Any CPU
		Release|Any CPU = Release|Any CPU
	EndGlobalSection
	GlobalSection(ProjectConfigurationPlatforms) = postSolution
		{FC217139-1220-4DF3-83D8-375E2E4EFA49}.Debug|Any CPU.ActiveCfg = Debug|Any CPU
		{FC217139-1220-4DF3-83D8-375E2E4EFA49}.Debug|Any CPU.Build.0 = Debug|Any CPU
		{FC217139-1220-4DF3-83D8-375E2E4EFA49}.Release|Any CPU.ActiveCfg = Release|Any CPU
		{FC217139-1220-4DF3-83D8-375E2E4EFA49}.Release|Any CPU.Build.0 = Release|Any CPU
	EndGlobalSection
	GlobalSection(SolutionProperties) = preSolution
		HideSolutionNode = FALSE
	EndGlobalSection
	GlobalSection(ExtensibilityGlobals) = postSolution
		SolutionGuid = {5C0BB03B-6384-45E5-B8BB-10BFBBC32C8B}
	EndGlobalSection
EndGlobal
