
Microsoft Visual Studio Solution File, Format Version 12.00
# Visual Studio Version 17
VisualStudioVersion = 17.4.33213.308
MinimumVisualStudioVersion = 10.0.40219.1
Project("{FAE04EC0-301F-11D3-BF4B-00C04F79EFBC}") = "Guia_Lab_01_Ejer1", "Guia_Lab_01_Ejer1.csproj", "{A3416C47-0A65-41C7-8779-C16C36128878}"
EndProject
Global
	GlobalSection(SolutionConfigurationPlatforms) = preSolution
		Debug|Any CPU = Debug|Any CPU
		Release|Any CPU = Release|Any CPU
	EndGlobalSection
	GlobalSection(ProjectConfigurationPlatforms) = postSolution
		{A3416C47-0A65-41C7-8779-C16C36128878}.Debug|Any CPU.ActiveCfg = Debug|Any CPU
		{A3416C47-0A65-41C7-8779-C16C36128878}.Debug|Any CPU.Build.0 = Debug|Any CPU
		{A3416C47-0A65-41C7-8779-C16C36128878}.Release|Any CPU.ActiveCfg = Release|Any CPU
		{A3416C47-0A65-41C7-8779-C16C36128878}.Release|Any CPU.Build.0 = Release|Any CPU
	EndGlobalSection
	GlobalSection(SolutionProperties) = preSolution
		HideSolutionNode = FALSE
	EndGlobalSection
	GlobalSection(ExtensibilityGlobals) = postSolution
		SolutionGuid = {CCBA7808-3DCD-49B3-B497-3C0F38C9DF6B}
	EndGlobalSection
EndGlobal
